
Microsoft Visual Studio Solution File, Format Version 12.00
# Visual Studio 14
VisualStudioVersion = 14.0.25420.1
MinimumVisualStudioVersion = 10.0.40219.1
Project("{FAE04EC0-301F-11D3-BF4B-00C04F79EFBC}") = "Senderfile", "Senderfile\Senderfile.csproj", "{32CBD220-939F-4901-A30D-1B4D8343897E}"
EndProject
Global
	GlobalSection(SolutionConfigurationPlatforms) = preSolution
		Debug|Any CPU = Debug|Any CPU
		Release|Any CPU = Release|Any CPU
	EndGlobalSection
	GlobalSection(ProjectConfigurationPlatforms) = postSolution
		{32CBD220-939F-4901-A30D-1B4D8343897E}.Debug|Any CPU.ActiveCfg = Debug|Any CPU
		{32CBD220-939F-4901-A30D-1B4D8343897E}.Debug|Any CPU.Build.0 = Debug|Any CPU
		{32CBD220-939F-4901-A30D-1B4D8343897E}.Release|Any CPU.ActiveCfg = Release|Any CPU
		{32CBD220-939F-4901-A30D-1B4D8343897E}.Release|Any CPU.Build.0 = Release|Any CPU
	EndGlobalSection
	GlobalSection(SolutionProperties) = preSolution
		HideSolutionNode = FALSE
	EndGlobalSection
EndGlobal
